
Microsoft Visual Studio Solution File, Format Version 12.00
# Visual Studio 14
VisualStudioVersion = 14.0.24720.0
MinimumVisualStudioVersion = 10.0.40219.1
Project("{FAE04EC0-301F-11D3-BF4B-00C04F79EFBC}") = "FibonacciApp", "FibonacciApp\FibonacciApp.csproj", "{8F0EA6ED-0CB0-41D9-8626-4D564A4966C8}"
EndProject
Project("{FAE04EC0-301F-11D3-BF4B-00C04F79EFBC}") = "FinbonacciAsyncLogic", "FinbonacciAsyncLogic\FinbonacciAsyncLogic.csproj", "{444F3D76-C83F-4B07-A4E9-2A8D6CFA8B7F}"
EndProject
Project("{FAE04EC0-301F-11D3-BF4B-00C04F79EFBC}") = "FibonacciWebApi", "FibonacciWebApi\FibonacciWebApi.csproj", "{2D56B955-953B-4B68-8776-9A9EA3074CEA}"
EndProject
Project("{FAE04EC0-301F-11D3-BF4B-00C04F79EFBC}") = "FibonacciLogicTests", "FibonacciLogicTests\FibonacciLogicTests.csproj", "{3AF3692C-4ACE-4546-A305-2465F20BF9CF}"
EndProject
Global
	GlobalSection(SolutionConfigurationPlatforms) = preSolution
		Debug|Any CPU = Debug|Any CPU
		Release|Any CPU = Release|Any CPU
	EndGlobalSection
	GlobalSection(ProjectConfigurationPlatforms) = postSolution
		{8F0EA6ED-0CB0-41D9-8626-4D564A4966C8}.Debug|Any CPU.ActiveCfg = Debug|Any CPU
		{8F0EA6ED-0CB0-41D9-8626-4D564A4966C8}.Debug|Any CPU.Build.0 = Debug|Any CPU
		{8F0EA6ED-0CB0-41D9-8626-4D564A4966C8}.Release|Any CPU.ActiveCfg = Release|Any CPU
		{8F0EA6ED-0CB0-41D9-8626-4D564A4966C8}.Release|Any CPU.Build.0 = Release|Any CPU
		{444F3D76-C83F-4B07-A4E9-2A8D6CFA8B7F}.Debug|Any CPU.ActiveCfg = Debug|Any CPU
		{444F3D76-C83F-4B07-A4E9-2A8D6CFA8B7F}.Debug|Any CPU.Build.0 = Debug|Any CPU
		{444F3D76-C83F-4B07-A4E9-2A8D6CFA8B7F}.Release|Any CPU.ActiveCfg = Release|Any CPU
		{444F3D76-C83F-4B07-A4E9-2A8D6CFA8B7F}.Release|Any CPU.Build.0 = Release|Any CPU
		{2D56B955-953B-4B68-8776-9A9EA3074CEA}.Debug|Any CPU.ActiveCfg = Debug|Any CPU
		{2D56B955-953B-4B68-8776-9A9EA3074CEA}.Debug|Any CPU.Build.0 = Debug|Any CPU
		{2D56B955-953B-4B68-8776-9A9EA3074CEA}.Release|Any CPU.ActiveCfg = Release|Any CPU
		{2D56B955-953B-4B68-8776-9A9EA3074CEA}.Release|Any CPU.Build.0 = Release|Any CPU
		{3AF3692C-4ACE-4546-A305-2465F20BF9CF}.Debug|Any CPU.ActiveCfg = Debug|Any CPU
		{3AF3692C-4ACE-4546-A305-2465F20BF9CF}.Debug|Any CPU.Build.0 = Debug|Any CPU
		{3AF3692C-4ACE-4546-A305-2465F20BF9CF}.Release|Any CPU.ActiveCfg = Release|Any CPU
		{3AF3692C-4ACE-4546-A305-2465F20BF9CF}.Release|Any CPU.Build.0 = Release|Any CPU
	EndGlobalSection
	GlobalSection(SolutionProperties) = preSolution
		HideSolutionNode = FALSE
	EndGlobalSection
EndGlobal
